// !$*UTF8*$!
{
	archiveVersion = 1;
	classes = {
	};
	objectVersion = 46;
	objects = {

/* Begin PBXBuildFile section */
		1E17EB7E7E8801C0CCBB50B2 /* Pods_eWAYPaymentsSDK_Tests.framework in Frameworks */ = {isa = PBXBuildFile; fileRef = 9179280F29E290DD4D9E8AC0 /* Pods_eWAYPaymentsSDK_Tests.framework */; settings = {ATTRIBUTES = (Weak, ); }; };
		6003F58E195388D20070C39A /* Foundation.framework in Frameworks */ = {isa = PBXBuildFile; fileRef = 6003F58D195388D20070C39A /* Foundation.framework */; };
		6003F590195388D20070C39A /* CoreGraphics.framework in Frameworks */ = {isa = PBXBuildFile; fileRef = 6003F58F195388D20070C39A /* CoreGraphics.framework */; };
		6003F592195388D20070C39A /* UIKit.framework in Frameworks */ = {isa = PBXBuildFile; fileRef = 6003F591195388D20070C39A /* UIKit.framework */; };
		6003F598195388D20070C39A /* InfoPlist.strings in Resources */ = {isa = PBXBuildFile; fileRef = 6003F596195388D20070C39A /* InfoPlist.strings */; };
		6003F59A195388D20070C39A /* main.m in Sources */ = {isa = PBXBuildFile; fileRef = 6003F599195388D20070C39A /* main.m */; };
		6003F59E195388D20070C39A /* eWAYPaymentsSDKAppDelegate.m in Sources */ = {isa = PBXBuildFile; fileRef = 6003F59D195388D20070C39A /* eWAYPaymentsSDKAppDelegate.m */; };
		6003F5A9195388D20070C39A /* Images.xcassets in Resources */ = {isa = PBXBuildFile; fileRef = 6003F5A8195388D20070C39A /* Images.xcassets */; };
		6003F5B0195388D20070C39A /* XCTest.framework in Frameworks */ = {isa = PBXBuildFile; fileRef = 6003F5AF195388D20070C39A /* XCTest.framework */; };
		6003F5B1195388D20070C39A /* Foundation.framework in Frameworks */ = {isa = PBXBuildFile; fileRef = 6003F58D195388D20070C39A /* Foundation.framework */; };
		6003F5B2195388D20070C39A /* UIKit.framework in Frameworks */ = {isa = PBXBuildFile; fileRef = 6003F591195388D20070C39A /* UIKit.framework */; };
		6003F5BA195388D20070C39A /* InfoPlist.strings in Resources */ = {isa = PBXBuildFile; fileRef = 6003F5B8195388D20070C39A /* InfoPlist.strings */; };
		6003F5BC195388D20070C39A /* Tests.m in Sources */ = {isa = PBXBuildFile; fileRef = 6003F5BB195388D20070C39A /* Tests.m */; };
		6B718D11E71B39B1CE91BE8E /* Pods_eWAYPaymentsSDK_Example.framework in Frameworks */ = {isa = PBXBuildFile; fileRef = D3D1405F4987667EAE258F06 /* Pods_eWAYPaymentsSDK_Example.framework */; settings = {ATTRIBUTES = (Weak, ); }; };
		E29FC4A21B1D79CF005C37C9 /* Main.storyboard in Resources */ = {isa = PBXBuildFile; fileRef = E29FC4A01B1D79CF005C37C9 /* Main.storyboard */; };
		E29FC4CD1B1D7A99005C37C9 /* EncryptViewController.m in Sources */ = {isa = PBXBuildFile; fileRef = E29FC4A61B1D7A99005C37C9 /* EncryptViewController.m */; };
		E29FC4CE1B1D7A99005C37C9 /* InputNVpairViewController.m in Sources */ = {isa = PBXBuildFile; fileRef = E29FC4A81B1D7A99005C37C9 /* InputNVpairViewController.m */; };
		E29FC4CF1B1D7A99005C37C9 /* MBProgressHUD.m in Sources */ = {isa = PBXBuildFile; fileRef = E29FC4AB1B1D7A99005C37C9 /* MBProgressHUD.m */; };
		E29FC4D01B1D7A99005C37C9 /* InputAddressViewController.m in Sources */ = {isa = PBXBuildFile; fileRef = E29FC4AE1B1D7A99005C37C9 /* InputAddressViewController.m */; };
		E29FC4D11B1D7A99005C37C9 /* InputCardDetailViewController.m in Sources */ = {isa = PBXBuildFile; fileRef = E29FC4B01B1D7A99005C37C9 /* InputCardDetailViewController.m */; };
		E29FC4D21B1D7A99005C37C9 /* InputCustomerViewController.m in Sources */ = {isa = PBXBuildFile; fileRef = E29FC4B21B1D7A99005C37C9 /* InputCustomerViewController.m */; };
		E29FC4D31B1D7A99005C37C9 /* InputLineViewController.m in Sources */ = {isa = PBXBuildFile; fileRef = E29FC4B41B1D7A99005C37C9 /* InputLineViewController.m */; };
		E29FC4D41B1D7A99005C37C9 /* InputMethodTableViewController.m in Sources */ = {isa = PBXBuildFile; fileRef = E29FC4B61B1D7A99005C37C9 /* InputMethodTableViewController.m */; };
		E29FC4D51B1D7A99005C37C9 /* InputPaymentViewController.m in Sources */ = {isa = PBXBuildFile; fileRef = E29FC4B81B1D7A99005C37C9 /* InputPaymentViewController.m */; };
		E29FC4D61B1D7A99005C37C9 /* InputShippingDetailViewController.m in Sources */ = {isa = PBXBuildFile; fileRef = E29FC4BA1B1D7A99005C37C9 /* InputShippingDetailViewController.m */; };
		E29FC4D71B1D7A99005C37C9 /* LinesTableViewController.m in Sources */ = {isa = PBXBuildFile; fileRef = E29FC4BC1B1D7A99005C37C9 /* LinesTableViewController.m */; };
		E29FC4D81B1D7A99005C37C9 /* PaymentViewController.m in Sources */ = {isa = PBXBuildFile; fileRef = E29FC4BE1B1D7A99005C37C9 /* PaymentViewController.m */; };
		E29FC4D91B1D7A99005C37C9 /* TransactionTypeViewController.m in Sources */ = {isa = PBXBuildFile; fileRef = E29FC4C01B1D7A99005C37C9 /* TransactionTypeViewController.m */; };
		E29FC4DA1B1D7A99005C37C9 /* TPKeyboardAvoidingCollectionView.m in Sources */ = {isa = PBXBuildFile; fileRef = E29FC4C31B1D7A99005C37C9 /* TPKeyboardAvoidingCollectionView.m */; };
		E29FC4DB1B1D7A99005C37C9 /* TPKeyboardAvoidingScrollView.m in Sources */ = {isa = PBXBuildFile; fileRef = E29FC4C51B1D7A99005C37C9 /* TPKeyboardAvoidingScrollView.m */; };
		E29FC4DC1B1D7A99005C37C9 /* TPKeyboardAvoidingTableView.m in Sources */ = {isa = PBXBuildFile; fileRef = E29FC4C71B1D7A99005C37C9 /* TPKeyboardAvoidingTableView.m */; };
		E29FC4DD1B1D7A99005C37C9 /* UIScrollView+TPKeyboardAvoidingAdditions.m in Sources */ = {isa = PBXBuildFile; fileRef = E29FC4C91B1D7A99005C37C9 /* UIScrollView+TPKeyboardAvoidingAdditions.m */; };
		E29FC4DE1B1D7A99005C37C9 /* UserMessageViewController.m in Sources */ = {isa = PBXBuildFile; fileRef = E29FC4CC1B1D7A99005C37C9 /* UserMessageViewController.m */; };
		E29FC4E11B1D7B04005C37C9 /* DashboardViewController.m in Sources */ = {isa = PBXBuildFile; fileRef = E29FC4E01B1D7B04005C37C9 /* DashboardViewController.m */; };
/* End PBXBuildFile section */

/* Begin PBXContainerItemProxy section */
		6003F5B3195388D20070C39A /* PBXContainerItemProxy */ = {
			isa = PBXContainerItemProxy;
			containerPortal = 6003F582195388D10070C39A /* Project object */;
			proxyType = 1;
			remoteGlobalIDString = 6003F589195388D20070C39A;
			remoteInfo = eWAYPaymentsSDK;
		};
/* End PBXContainerItemProxy section */

/* Begin PBXFileReference section */
		4E57D2946DA48DCF895F0A2E /* eWAYPaymentsSDK.podspec */ = {isa = PBXFileReference; includeInIndex = 1; lastKnownFileType = text; name = eWAYPaymentsSDK.podspec; path = ../eWAYPaymentsSDK.podspec; sourceTree = "<group>"; };
		6003F58A195388D20070C39A /* eWAYPaymentsSDK_Example.app */ = {isa = PBXFileReference; explicitFileType = wrapper.application; includeInIndex = 0; path = eWAYPaymentsSDK_Example.app; sourceTree = BUILT_PRODUCTS_DIR; };
		6003F58D195388D20070C39A /* Foundation.framework */ = {isa = PBXFileReference; lastKnownFileType = wrapper.framework; name = Foundation.framework; path = System/Library/Frameworks/Foundation.framework; sourceTree = SDKROOT; };
		6003F58F195388D20070C39A /* CoreGraphics.framework */ = {isa = PBXFileReference; lastKnownFileType = wrapper.framework; name = CoreGraphics.framework; path = System/Library/Frameworks/CoreGraphics.framework; sourceTree = SDKROOT; };
		6003F591195388D20070C39A /* UIKit.framework */ = {isa = PBXFileReference; lastKnownFileType = wrapper.framework; name = UIKit.framework; path = System/Library/Frameworks/UIKit.framework; sourceTree = SDKROOT; };
		6003F595195388D20070C39A /* eWAYPaymentsSDK-Info.plist */ = {isa = PBXFileReference; lastKnownFileType = text.plist.xml; path = "eWAYPaymentsSDK-Info.plist"; sourceTree = "<group>"; };
		6003F597195388D20070C39A /* en */ = {isa = PBXFileReference; lastKnownFileType = text.plist.strings; name = en; path = en.lproj/InfoPlist.strings; sourceTree = "<group>"; };
		6003F599195388D20070C39A /* main.m */ = {isa = PBXFileReference; lastKnownFileType = sourcecode.c.objc; path = main.m; sourceTree = "<group>"; };
		6003F59B195388D20070C39A /* eWAYPaymentsSDK-Prefix.pch */ = {isa = PBXFileReference; lastKnownFileType = sourcecode.c.h; path = "eWAYPaymentsSDK-Prefix.pch"; sourceTree = "<group>"; };
		6003F59C195388D20070C39A /* eWAYPaymentsSDKAppDelegate.h */ = {isa = PBXFileReference; lastKnownFileType = sourcecode.c.h; path = eWAYPaymentsSDKAppDelegate.h; sourceTree = "<group>"; };
		6003F59D195388D20070C39A /* eWAYPaymentsSDKAppDelegate.m */ = {isa = PBXFileReference; lastKnownFileType = sourcecode.c.objc; path = eWAYPaymentsSDKAppDelegate.m; sourceTree = "<group>"; };
		6003F5A8195388D20070C39A /* Images.xcassets */ = {isa = PBXFileReference; lastKnownFileType = folder.assetcatalog; path = Images.xcassets; sourceTree = "<group>"; };
		6003F5AE195388D20070C39A /* eWAYPaymentsSDK_Tests.xctest */ = {isa = PBXFileReference; explicitFileType = wrapper.cfbundle; includeInIndex = 0; path = eWAYPaymentsSDK_Tests.xctest; sourceTree = BUILT_PRODUCTS_DIR; };
		6003F5AF195388D20070C39A /* XCTest.framework */ = {isa = PBXFileReference; lastKnownFileType = wrapper.framework; name = XCTest.framework; path = Library/Frameworks/XCTest.framework; sourceTree = DEVELOPER_DIR; };
		6003F5B7195388D20070C39A /* Tests-Info.plist */ = {isa = PBXFileReference; lastKnownFileType = text.plist.xml; path = "Tests-Info.plist"; sourceTree = "<group>"; };
		6003F5B9195388D20070C39A /* en */ = {isa = PBXFileReference; lastKnownFileType = text.plist.strings; name = en; path = en.lproj/InfoPlist.strings; sourceTree = "<group>"; };
		6003F5BB195388D20070C39A /* Tests.m */ = {isa = PBXFileReference; lastKnownFileType = sourcecode.c.objc; path = Tests.m; sourceTree = "<group>"; };
		606FC2411953D9B200FFA9A0 /* Tests-Prefix.pch */ = {isa = PBXFileReference; lastKnownFileType = sourcecode.c.h; path = "Tests-Prefix.pch"; sourceTree = "<group>"; };
		7ED476A48CB9FDDC130B28D0 /* Pods-eWAYPaymentsSDK_Tests.debug.xcconfig */ = {isa = PBXFileReference; includeInIndex = 1; lastKnownFileType = text.xcconfig; name = "Pods-eWAYPaymentsSDK_Tests.debug.xcconfig"; path = "Pods/Target Support Files/Pods-eWAYPaymentsSDK_Tests/Pods-eWAYPaymentsSDK_Tests.debug.xcconfig"; sourceTree = "<group>"; };
		9179280F29E290DD4D9E8AC0 /* Pods_eWAYPaymentsSDK_Tests.framework */ = {isa = PBXFileReference; explicitFileType = wrapper.framework; includeInIndex = 0; path = Pods_eWAYPaymentsSDK_Tests.framework; sourceTree = BUILT_PRODUCTS_DIR; };
		91A8EEF36D393C6DB3656BC3 /* Pods-eWAYPaymentsSDK_Example.release.xcconfig */ = {isa = PBXFileReference; includeInIndex = 1; lastKnownFileType = text.xcconfig; name = "Pods-eWAYPaymentsSDK_Example.release.xcconfig"; path = "Pods/Target Support Files/Pods-eWAYPaymentsSDK_Example/Pods-eWAYPaymentsSDK_Example.release.xcconfig"; sourceTree = "<group>"; };
		B7A605D015405207B36B15F1 /* Pods-eWAYPaymentsSDK_Tests.release.xcconfig */ = {isa = PBXFileReference; includeInIndex = 1; lastKnownFileType = text.xcconfig; name = "Pods-eWAYPaymentsSDK_Tests.release.xcconfig"; path = "Pods/Target Support Files/Pods-eWAYPaymentsSDK_Tests/Pods-eWAYPaymentsSDK_Tests.release.xcconfig"; sourceTree = "<group>"; };
		D3A283F05955E11E2B3EBC5E /* Pods-eWAYPaymentsSDK_Example.debug.xcconfig */ = {isa = PBXFileReference; includeInIndex = 1; lastKnownFileType = text.xcconfig; name = "Pods-eWAYPaymentsSDK_Example.debug.xcconfig"; path = "Pods/Target Support Files/Pods-eWAYPaymentsSDK_Example/Pods-eWAYPaymentsSDK_Example.debug.xcconfig"; sourceTree = "<group>"; };
		D3C0C81A642EA8388056D441 /* LICENSE */ = {isa = PBXFileReference; includeInIndex = 1; lastKnownFileType = text; name = LICENSE; path = ../LICENSE; sourceTree = "<group>"; };
		D3D1405F4987667EAE258F06 /* Pods_eWAYPaymentsSDK_Example.framework */ = {isa = PBXFileReference; explicitFileType = wrapper.framework; includeInIndex = 0; path = Pods_eWAYPaymentsSDK_Example.framework; sourceTree = BUILT_PRODUCTS_DIR; };
		E29FC4A11B1D79CF005C37C9 /* Base */ = {isa = PBXFileReference; lastKnownFileType = file.storyboard; name = Base; path = Base.lproj/Main.storyboard; sourceTree = "<group>"; };
		E29FC4A51B1D7A99005C37C9 /* EncryptViewController.h */ = {isa = PBXFileReference; fileEncoding = 4; lastKnownFileType = sourcecode.c.h; path = EncryptViewController.h; sourceTree = "<group>"; };
		E29FC4A61B1D7A99005C37C9 /* EncryptViewController.m */ = {isa = PBXFileReference; fileEncoding = 4; lastKnownFileType = sourcecode.c.objc; path = EncryptViewController.m; sourceTree = "<group>"; };
		E29FC4A71B1D7A99005C37C9 /* InputNVpairViewController.h */ = {isa = PBXFileReference; fileEncoding = 4; lastKnownFileType = sourcecode.c.h; path = InputNVpairViewController.h; sourceTree = "<group>"; };
		E29FC4A81B1D7A99005C37C9 /* InputNVpairViewController.m */ = {isa = PBXFileReference; fileEncoding = 4; lastKnownFileType = sourcecode.c.objc; path = InputNVpairViewController.m; sourceTree = "<group>"; };
		E29FC4AA1B1D7A99005C37C9 /* MBProgressHUD.h */ = {isa = PBXFileReference; fileEncoding = 4; lastKnownFileType = sourcecode.c.h; path = MBProgressHUD.h; sourceTree = "<group>"; };
		E29FC4AB1B1D7A99005C37C9 /* MBProgressHUD.m */ = {isa = PBXFileReference; fileEncoding = 4; lastKnownFileType = sourcecode.c.objc; path = MBProgressHUD.m; sourceTree = "<group>"; };
		E29FC4AD1B1D7A99005C37C9 /* InputAddressViewController.h */ = {isa = PBXFileReference; fileEncoding = 4; lastKnownFileType = sourcecode.c.h; path = InputAddressViewController.h; sourceTree = "<group>"; };
		E29FC4AE1B1D7A99005C37C9 /* InputAddressViewController.m */ = {isa = PBXFileReference; fileEncoding = 4; lastKnownFileType = sourcecode.c.objc; path = InputAddressViewController.m; sourceTree = "<group>"; };
		E29FC4AF1B1D7A99005C37C9 /* InputCardDetailViewController.h */ = {isa = PBXFileReference; fileEncoding = 4; lastKnownFileType = sourcecode.c.h; path = InputCardDetailViewController.h; sourceTree = "<group>"; };
		E29FC4B01B1D7A99005C37C9 /* InputCardDetailViewController.m */ = {isa = PBXFileReference; fileEncoding = 4; lastKnownFileType = sourcecode.c.objc; path = InputCardDetailViewController.m; sourceTree = "<group>"; };
		E29FC4B11B1D7A99005C37C9 /* InputCustomerViewController.h */ = {isa = PBXFileReference; fileEncoding = 4; lastKnownFileType = sourcecode.c.h; path = InputCustomerViewController.h; sourceTree = "<group>"; };
		E29FC4B21B1D7A99005C37C9 /* InputCustomerViewController.m */ = {isa = PBXFileReference; fileEncoding = 4; lastKnownFileType = sourcecode.c.objc; path = InputCustomerViewController.m; sourceTree = "<group>"; };
		E29FC4B31B1D7A99005C37C9 /* InputLineViewController.h */ = {isa = PBXFileReference; fileEncoding = 4; lastKnownFileType = sourcecode.c.h; path = InputLineViewController.h; sourceTree = "<group>"; };
		E29FC4B41B1D7A99005C37C9 /* InputLineViewController.m */ = {isa = PBXFileReference; fileEncoding = 4; lastKnownFileType = sourcecode.c.objc; path = InputLineViewController.m; sourceTree = "<group>"; };
		E29FC4B51B1D7A99005C37C9 /* InputMethodTableViewController.h */ = {isa = PBXFileReference; fileEncoding = 4; lastKnownFileType = sourcecode.c.h; path = InputMethodTableViewController.h; sourceTree = "<group>"; };
		E29FC4B61B1D7A99005C37C9 /* InputMethodTableViewController.m */ = {isa = PBXFileReference; fileEncoding = 4; lastKnownFileType = sourcecode.c.objc; path = InputMethodTableViewController.m; sourceTree = "<group>"; };
		E29FC4B71B1D7A99005C37C9 /* InputPaymentViewController.h */ = {isa = PBXFileReference; fileEncoding = 4; lastKnownFileType = sourcecode.c.h; path = InputPaymentViewController.h; sourceTree = "<group>"; };
		E29FC4B81B1D7A99005C37C9 /* InputPaymentViewController.m */ = {isa = PBXFileReference; fileEncoding = 4; lastKnownFileType = sourcecode.c.objc; path = InputPaymentViewController.m; sourceTree = "<group>"; };
		E29FC4B91B1D7A99005C37C9 /* InputShippingDetailViewController.h */ = {isa = PBXFileReference; fileEncoding = 4; lastKnownFileType = sourcecode.c.h; path = InputShippingDetailViewController.h; sourceTree = "<group>"; };
		E29FC4BA1B1D7A99005C37C9 /* InputShippingDetailViewController.m */ = {isa = PBXFileReference; fileEncoding = 4; lastKnownFileType = sourcecode.c.objc; path = InputShippingDetailViewController.m; sourceTree = "<group>"; };
		E29FC4BB1B1D7A99005C37C9 /* LinesTableViewController.h */ = {isa = PBXFileReference; fileEncoding = 4; lastKnownFileType = sourcecode.c.h; path = LinesTableViewController.h; sourceTree = "<group>"; };
		E29FC4BC1B1D7A99005C37C9 /* LinesTableViewController.m */ = {isa = PBXFileReference; fileEncoding = 4; lastKnownFileType = sourcecode.c.objc; path = LinesTableViewController.m; sourceTree = "<group>"; };
		E29FC4BD1B1D7A99005C37C9 /* PaymentViewController.h */ = {isa = PBXFileReference; fileEncoding = 4; lastKnownFileType = sourcecode.c.h; path = PaymentViewController.h; sourceTree = "<group>"; };
		E29FC4BE1B1D7A99005C37C9 /* PaymentViewController.m */ = {isa = PBXFileReference; fileEncoding = 4; lastKnownFileType = sourcecode.c.objc; path = PaymentViewController.m; sourceTree = "<group>"; };
		E29FC4BF1B1D7A99005C37C9 /* TransactionTypeViewController.h */ = {isa = PBXFileReference; fileEncoding = 4; lastKnownFileType = sourcecode.c.h; path = TransactionTypeViewController.h; sourceTree = "<group>"; };
		E29FC4C01B1D7A99005C37C9 /* TransactionTypeViewController.m */ = {isa = PBXFileReference; fileEncoding = 4; lastKnownFileType = sourcecode.c.objc; path = TransactionTypeViewController.m; sourceTree = "<group>"; };
		E29FC4C21B1D7A99005C37C9 /* TPKeyboardAvoidingCollectionView.h */ = {isa = PBXFileReference; fileEncoding = 4; lastKnownFileType = sourcecode.c.h; path = TPKeyboardAvoidingCollectionView.h; sourceTree = "<group>"; };
		E29FC4C31B1D7A99005C37C9 /* TPKeyboardAvoidingCollectionView.m */ = {isa = PBXFileReference; fileEncoding = 4; lastKnownFileType = sourcecode.c.objc; path = TPKeyboardAvoidingCollectionView.m; sourceTree = "<group>"; };
		E29FC4C41B1D7A99005C37C9 /* TPKeyboardAvoidingScrollView.h */ = {isa = PBXFileReference; fileEncoding = 4; lastKnownFileType = sourcecode.c.h; path = TPKeyboardAvoidingScrollView.h; sourceTree = "<group>"; };
		E29FC4C51B1D7A99005C37C9 /* TPKeyboardAvoidingScrollView.m */ = {isa = PBXFileReference; fileEncoding = 4; lastKnownFileType = sourcecode.c.objc; path = TPKeyboardAvoidingScrollView.m; sourceTree = "<group>"; };
		E29FC4C61B1D7A99005C37C9 /* TPKeyboardAvoidingTableView.h */ = {isa = PBXFileReference; fileEncoding = 4; lastKnownFileType = sourcecode.c.h; path = TPKeyboardAvoidingTableView.h; sourceTree = "<group>"; };
		E29FC4C71B1D7A99005C37C9 /* TPKeyboardAvoidingTableView.m */ = {isa = PBXFileReference; fileEncoding = 4; lastKnownFileType = sourcecode.c.objc; path = TPKeyboardAvoidingTableView.m; sourceTree = "<group>"; };
		E29FC4C81B1D7A99005C37C9 /* UIScrollView+TPKeyboardAvoidingAdditions.h */ = {isa = PBXFileReference; fileEncoding = 4; lastKnownFileType = sourcecode.c.h; path = "UIScrollView+TPKeyboardAvoidingAdditions.h"; sourceTree = "<group>"; };
		E29FC4C91B1D7A99005C37C9 /* UIScrollView+TPKeyboardAvoidingAdditions.m */ = {isa = PBXFileReference; fileEncoding = 4; lastKnownFileType = sourcecode.c.objc; path = "UIScrollView+TPKeyboardAvoidingAdditions.m"; sourceTree = "<group>"; };
		E29FC4CB1B1D7A99005C37C9 /* UserMessageViewController.h */ = {isa = PBXFileReference; fileEncoding = 4; lastKnownFileType = sourcecode.c.h; path = UserMessageViewController.h; sourceTree = "<group>"; };
		E29FC4CC1B1D7A99005C37C9 /* UserMessageViewController.m */ = {isa = PBXFileReference; fileEncoding = 4; lastKnownFileType = sourcecode.c.objc; path = UserMessageViewController.m; sourceTree = "<group>"; };
		E29FC4DF1B1D7B04005C37C9 /* DashboardViewController.h */ = {isa = PBXFileReference; fileEncoding = 4; lastKnownFileType = sourcecode.c.h; path = DashboardViewController.h; sourceTree = "<group>"; };
		E29FC4E01B1D7B04005C37C9 /* DashboardViewController.m */ = {isa = PBXFileReference; fileEncoding = 4; lastKnownFileType = sourcecode.c.objc; path = DashboardViewController.m; sourceTree = "<group>"; };
		E423505E6086B4FD9861DA96 /* README.md */ = {isa = PBXFileReference; includeInIndex = 1; lastKnownFileType = net.daringfireball.markdown; name = README.md; path = ../README.md; sourceTree = "<group>"; };
/* End PBXFileReference section */

/* Begin PBXFrameworksBuildPhase section */
		6003F587195388D20070C39A /* Frameworks */ = {
			isa = PBXFrameworksBuildPhase;
			buildActionMask = 2147483647;
			files = (
				6003F590195388D20070C39A /* CoreGraphics.framework in Frameworks */,
				6003F592195388D20070C39A /* UIKit.framework in Frameworks */,
				6003F58E195388D20070C39A /* Foundation.framework in Frameworks */,
				6B718D11E71B39B1CE91BE8E /* Pods_eWAYPaymentsSDK_Example.framework in Frameworks */,
			);
			runOnlyForDeploymentPostprocessing = 0;
		};
		6003F5AB195388D20070C39A /* Frameworks */ = {
			isa = PBXFrameworksBuildPhase;
			buildActionMask = 2147483647;
			files = (
				6003F5B0195388D20070C39A /* XCTest.framework in Frameworks */,
				6003F5B2195388D20070C39A /* UIKit.framework in Frameworks */,
				6003F5B1195388D20070C39A /* Foundation.framework in Frameworks */,
				1E17EB7E7E8801C0CCBB50B2 /* Pods_eWAYPaymentsSDK_Tests.framework in Frameworks */,
			);
			runOnlyForDeploymentPostprocessing = 0;
		};
/* End PBXFrameworksBuildPhase section */

/* Begin PBXGroup section */
		41AB7FE58304896A696D4AF7 /* Pods */ = {
			isa = PBXGroup;
			children = (
				D3A283F05955E11E2B3EBC5E /* Pods-eWAYPaymentsSDK_Example.debug.xcconfig */,
				91A8EEF36D393C6DB3656BC3 /* Pods-eWAYPaymentsSDK_Example.release.xcconfig */,
				7ED476A48CB9FDDC130B28D0 /* Pods-eWAYPaymentsSDK_Tests.debug.xcconfig */,
				B7A605D015405207B36B15F1 /* Pods-eWAYPaymentsSDK_Tests.release.xcconfig */,
			);
			name = Pods;
			sourceTree = "<group>";
		};
		6003F581195388D10070C39A = {
			isa = PBXGroup;
			children = (
				60FF7A9C1954A5C5007DD14C /* Podspec Metadata */,
				6003F593195388D20070C39A /* Example for eWAYPaymentsSDK */,
				6003F5B5195388D20070C39A /* Tests */,
				6003F58C195388D20070C39A /* Frameworks */,
				6003F58B195388D20070C39A /* Products */,
				41AB7FE58304896A696D4AF7 /* Pods */,
			);
			sourceTree = "<group>";
		};
		6003F58B195388D20070C39A /* Products */ = {
			isa = PBXGroup;
			children = (
				6003F58A195388D20070C39A /* eWAYPaymentsSDK_Example.app */,
				6003F5AE195388D20070C39A /* eWAYPaymentsSDK_Tests.xctest */,
			);
			name = Products;
			sourceTree = "<group>";
		};
		6003F58C195388D20070C39A /* Frameworks */ = {
			isa = PBXGroup;
			children = (
				6003F58D195388D20070C39A /* Foundation.framework */,
				6003F58F195388D20070C39A /* CoreGraphics.framework */,
				6003F591195388D20070C39A /* UIKit.framework */,
				6003F5AF195388D20070C39A /* XCTest.framework */,
				D3D1405F4987667EAE258F06 /* Pods_eWAYPaymentsSDK_Example.framework */,
				9179280F29E290DD4D9E8AC0 /* Pods_eWAYPaymentsSDK_Tests.framework */,
			);
			name = Frameworks;
			sourceTree = "<group>";
		};
		6003F593195388D20070C39A /* Example for eWAYPaymentsSDK */ = {
			isa = PBXGroup;
			children = (
				E29FC4DF1B1D7B04005C37C9 /* DashboardViewController.h */,
				E29FC4E01B1D7B04005C37C9 /* DashboardViewController.m */,
				6003F59C195388D20070C39A /* eWAYPaymentsSDKAppDelegate.h */,
				6003F59D195388D20070C39A /* eWAYPaymentsSDKAppDelegate.m */,
				E29FC4A01B1D79CF005C37C9 /* Main.storyboard */,
				E29FC4A41B1D7A99005C37C9 /* Encrypt */,
				E29FC4A91B1D7A99005C37C9 /* MBProgressHUD */,
				E29FC4AC1B1D7A99005C37C9 /* SubmitPayment */,
				E29FC4C11B1D7A99005C37C9 /* TPKeyboardAvoiding */,
				E29FC4CA1B1D7A99005C37C9 /* UserMessage */,
				6003F5A8195388D20070C39A /* Images.xcassets */,
				6003F594195388D20070C39A /* Supporting Files */,
			);
			name = "Example for eWAYPaymentsSDK";
			path = eWAYPaymentsSDK;
			sourceTree = "<group>";
		};
		6003F594195388D20070C39A /* Supporting Files */ = {
			isa = PBXGroup;
			children = (
				6003F595195388D20070C39A /* eWAYPaymentsSDK-Info.plist */,
				6003F596195388D20070C39A /* InfoPlist.strings */,
				6003F599195388D20070C39A /* main.m */,
				6003F59B195388D20070C39A /* eWAYPaymentsSDK-Prefix.pch */,
			);
			name = "Supporting Files";
			sourceTree = "<group>";
		};
		6003F5B5195388D20070C39A /* Tests */ = {
			isa = PBXGroup;
			children = (
				6003F5BB195388D20070C39A /* Tests.m */,
				6003F5B6195388D20070C39A /* Supporting Files */,
			);
			path = Tests;
			sourceTree = "<group>";
		};
		6003F5B6195388D20070C39A /* Supporting Files */ = {
			isa = PBXGroup;
			children = (
				6003F5B7195388D20070C39A /* Tests-Info.plist */,
				6003F5B8195388D20070C39A /* InfoPlist.strings */,
				606FC2411953D9B200FFA9A0 /* Tests-Prefix.pch */,
			);
			name = "Supporting Files";
			sourceTree = "<group>";
		};
		60FF7A9C1954A5C5007DD14C /* Podspec Metadata */ = {
			isa = PBXGroup;
			children = (
				4E57D2946DA48DCF895F0A2E /* eWAYPaymentsSDK.podspec */,
				E423505E6086B4FD9861DA96 /* README.md */,
				D3C0C81A642EA8388056D441 /* LICENSE */,
			);
			name = "Podspec Metadata";
			sourceTree = "<group>";
		};
		E29FC4A41B1D7A99005C37C9 /* Encrypt */ = {
			isa = PBXGroup;
			children = (
				E29FC4A51B1D7A99005C37C9 /* EncryptViewController.h */,
				E29FC4A61B1D7A99005C37C9 /* EncryptViewController.m */,
				E29FC4A71B1D7A99005C37C9 /* InputNVpairViewController.h */,
				E29FC4A81B1D7A99005C37C9 /* InputNVpairViewController.m */,
			);
			path = Encrypt;
			sourceTree = "<group>";
		};
		E29FC4A91B1D7A99005C37C9 /* MBProgressHUD */ = {
			isa = PBXGroup;
			children = (
				E29FC4AA1B1D7A99005C37C9 /* MBProgressHUD.h */,
				E29FC4AB1B1D7A99005C37C9 /* MBProgressHUD.m */,
			);
			path = MBProgressHUD;
			sourceTree = "<group>";
		};
		E29FC4AC1B1D7A99005C37C9 /* SubmitPayment */ = {
			isa = PBXGroup;
			children = (
				E29FC4AD1B1D7A99005C37C9 /* InputAddressViewController.h */,
				E29FC4AE1B1D7A99005C37C9 /* InputAddressViewController.m */,
				E29FC4AF1B1D7A99005C37C9 /* InputCardDetailViewController.h */,
				E29FC4B01B1D7A99005C37C9 /* InputCardDetailViewController.m */,
				E29FC4B11B1D7A99005C37C9 /* InputCustomerViewController.h */,
				E29FC4B21B1D7A99005C37C9 /* InputCustomerViewController.m */,
				E29FC4B31B1D7A99005C37C9 /* InputLineViewController.h */,
				E29FC4B41B1D7A99005C37C9 /* InputLineViewController.m */,
				E29FC4B51B1D7A99005C37C9 /* InputMethodTableViewController.h */,
				E29FC4B61B1D7A99005C37C9 /* InputMethodTableViewController.m */,
				E29FC4B71B1D7A99005C37C9 /* InputPaymentViewController.h */,
				E29FC4B81B1D7A99005C37C9 /* InputPaymentViewController.m */,
				E29FC4B91B1D7A99005C37C9 /* InputShippingDetailViewController.h */,
				E29FC4BA1B1D7A99005C37C9 /* InputShippingDetailViewController.m */,
				E29FC4BB1B1D7A99005C37C9 /* LinesTableViewController.h */,
				E29FC4BC1B1D7A99005C37C9 /* LinesTableViewController.m */,
				E29FC4BD1B1D7A99005C37C9 /* PaymentViewController.h */,
				E29FC4BE1B1D7A99005C37C9 /* PaymentViewController.m */,
				E29FC4BF1B1D7A99005C37C9 /* TransactionTypeViewController.h */,
				E29FC4C01B1D7A99005C37C9 /* TransactionTypeViewController.m */,
			);
			path = SubmitPayment;
			sourceTree = "<group>";
		};
		E29FC4C11B1D7A99005C37C9 /* TPKeyboardAvoiding */ = {
			isa = PBXGroup;
			children = (
				E29FC4C21B1D7A99005C37C9 /* TPKeyboardAvoidingCollectionView.h */,
				E29FC4C31B1D7A99005C37C9 /* TPKeyboardAvoidingCollectionView.m */,
				E29FC4C41B1D7A99005C37C9 /* TPKeyboardAvoidingScrollView.h */,
				E29FC4C51B1D7A99005C37C9 /* TPKeyboardAvoidingScrollView.m */,
				E29FC4C61B1D7A99005C37C9 /* TPKeyboardAvoidingTableView.h */,
				E29FC4C71B1D7A99005C37C9 /* TPKeyboardAvoidingTableView.m */,
				E29FC4C81B1D7A99005C37C9 /* UIScrollView+TPKeyboardAvoidingAdditions.h */,
				E29FC4C91B1D7A99005C37C9 /* UIScrollView+TPKeyboardAvoidingAdditions.m */,
			);
			path = TPKeyboardAvoiding;
			sourceTree = "<group>";
		};
		E29FC4CA1B1D7A99005C37C9 /* UserMessage */ = {
			isa = PBXGroup;
			children = (
				E29FC4CB1B1D7A99005C37C9 /* UserMessageViewController.h */,
				E29FC4CC1B1D7A99005C37C9 /* UserMessageViewController.m */,
			);
			path = UserMessage;
			sourceTree = "<group>";
		};
/* End PBXGroup section */

/* Begin PBXNativeTarget section */
		6003F589195388D20070C39A /* eWAYPaymentsSDK_Example */ = {
			isa = PBXNativeTarget;
			buildConfigurationList = 6003F5BF195388D20070C39A /* Build configuration list for PBXNativeTarget "eWAYPaymentsSDK_Example" */;
			buildPhases = (
				80E2E0B4C22192F63FB029F6 /* Check Pods Manifest.lock */,
				6003F586195388D20070C39A /* Sources */,
				6003F587195388D20070C39A /* Frameworks */,
				6003F588195388D20070C39A /* Resources */,
				20F8DA528FD429BD8459BEF3 /* Embed Pods Frameworks */,
				704FEF47E5DB0C726B49EA11 /* Copy Pods Resources */,
			);
			buildRules = (
			);
			dependencies = (
			);
			name = eWAYPaymentsSDK_Example;
			productName = eWAYPaymentsSDK;
			productReference = 6003F58A195388D20070C39A /* eWAYPaymentsSDK_Example.app */;
			productType = "com.apple.product-type.application";
		};
		6003F5AD195388D20070C39A /* eWAYPaymentsSDK_Tests */ = {
			isa = PBXNativeTarget;
			buildConfigurationList = 6003F5C2195388D20070C39A /* Build configuration list for PBXNativeTarget "eWAYPaymentsSDK_Tests" */;
			buildPhases = (
				0F40A7A62C022FC4CE588305 /* Check Pods Manifest.lock */,
				6003F5AA195388D20070C39A /* Sources */,
				6003F5AB195388D20070C39A /* Frameworks */,
				6003F5AC195388D20070C39A /* Resources */,
				2E45418BA238C53F3A1C6B5E /* Embed Pods Frameworks */,
				4C3A7845A2E678047B90793F /* Copy Pods Resources */,
			);
			buildRules = (
			);
			dependencies = (
				6003F5B4195388D20070C39A /* PBXTargetDependency */,
			);
			name = eWAYPaymentsSDK_Tests;
			productName = eWAYPaymentsSDKTests;
			productReference = 6003F5AE195388D20070C39A /* eWAYPaymentsSDK_Tests.xctest */;
			productType = "com.apple.product-type.bundle.unit-test";
		};
/* End PBXNativeTarget section */

/* Begin PBXProject section */
		6003F582195388D10070C39A /* Project object */ = {
			isa = PBXProject;
			attributes = {
				CLASSPREFIX = eWAYPaymentsSDK;
				LastUpgradeCheck = 0510;
				ORGANIZATIONNAME = eWAYTony;
				TargetAttributes = {
					6003F5AD195388D20070C39A = {
						TestTargetID = 6003F589195388D20070C39A;
					};
				};
			};
			buildConfigurationList = 6003F585195388D10070C39A /* Build configuration list for PBXProject "eWAYPaymentsSDK" */;
			compatibilityVersion = "Xcode 3.2";
			developmentRegion = English;
			hasScannedForEncodings = 0;
			knownRegions = (
				en,
				Base,
			);
			mainGroup = 6003F581195388D10070C39A;
			productRefGroup = 6003F58B195388D20070C39A /* Products */;
			projectDirPath = "";
			projectRoot = "";
			targets = (
				6003F589195388D20070C39A /* eWAYPaymentsSDK_Example */,
				6003F5AD195388D20070C39A /* eWAYPaymentsSDK_Tests */,
			);
		};
/* End PBXProject section */

/* Begin PBXResourcesBuildPhase section */
		6003F588195388D20070C39A /* Resources */ = {
			isa = PBXResourcesBuildPhase;
			buildActionMask = 2147483647;
			files = (
				E29FC4A21B1D79CF005C37C9 /* Main.storyboard in Resources */,
				6003F5A9195388D20070C39A /* Images.xcassets in Resources */,
				6003F598195388D20070C39A /* InfoPlist.strings in Resources */,
			);
			runOnlyForDeploymentPostprocessing = 0;
		};
		6003F5AC195388D20070C39A /* Resources */ = {
			isa = PBXResourcesBuildPhase;
			buildActionMask = 2147483647;
			files = (
				6003F5BA195388D20070C39A /* InfoPlist.strings in Resources */,
			);
			runOnlyForDeploymentPostprocessing = 0;
		};
/* End PBXResourcesBuildPhase section */

/* Begin PBXShellScriptBuildPhase section */
		0F40A7A62C022FC4CE588305 /* Check Pods Manifest.lock */ = {
			isa = PBXShellScriptBuildPhase;
			buildActionMask = 2147483647;
			files = (
			);
			inputPaths = (
			);
			name = "Check Pods Manifest.lock";
			outputPaths = (
			);
			runOnlyForDeploymentPostprocessing = 0;
			shellPath = /bin/sh;
			shellScript = "diff \"${PODS_ROOT}/../Podfile.lock\" \"${PODS_ROOT}/Manifest.lock\" > /dev/null\nif [[ $? != 0 ]] ; then\n    cat << EOM\nerror: The sandbox is not in sync with the Podfile.lock. Run 'pod install' or update your CocoaPods installation.\nEOM\n    exit 1\nfi\n";
			showEnvVarsInLog = 0;
		};
		20F8DA528FD429BD8459BEF3 /* Embed Pods Frameworks */ = {
			isa = PBXShellScriptBuildPhase;
			buildActionMask = 2147483647;
			files = (
			);
			inputPaths = (
			);
			name = "Embed Pods Frameworks";
			outputPaths = (
			);
			runOnlyForDeploymentPostprocessing = 0;
			shellPath = /bin/sh;
			shellScript = "\"${SRCROOT}/Pods/Target Support Files/Pods-eWAYPaymentsSDK_Example/Pods-eWAYPaymentsSDK_Example-frameworks.sh\"\n";
			showEnvVarsInLog = 0;
		};
		2E45418BA238C53F3A1C6B5E /* Embed Pods Frameworks */ = {
			isa = PBXShellScriptBuildPhase;
			buildActionMask = 2147483647;
			files = (
			);
			inputPaths = (
			);
			name = "Embed Pods Frameworks";
			outputPaths = (
			);
			runOnlyForDeploymentPostprocessing = 0;
			shellPath = /bin/sh;
			shellScript = "\"${SRCROOT}/Pods/Target Support Files/Pods-eWAYPaymentsSDK_Tests/Pods-eWAYPaymentsSDK_Tests-frameworks.sh\"\n";
			showEnvVarsInLog = 0;
		};
		4C3A7845A2E678047B90793F /* Copy Pods Resources */ = {
			isa = PBXShellScriptBuildPhase;
			buildActionMask = 2147483647;
			files = (
			);
			inputPaths = (
			);
			name = "Copy Pods Resources";
			outputPaths = (
			);
			runOnlyForDeploymentPostprocessing = 0;
			shellPath = /bin/sh;
			shellScript = "\"${SRCROOT}/Pods/Target Support Files/Pods-eWAYPaymentsSDK_Tests/Pods-eWAYPaymentsSDK_Tests-resources.sh\"\n";
			showEnvVarsInLog = 0;
		};
		704FEF47E5DB0C726B49EA11 /* Copy Pods Resources */ = {
			isa = PBXShellScriptBuildPhase;
			buildActionMask = 2147483647;
			files = (
			);
			inputPaths = (
			);
			name = "Copy Pods Resources";
			outputPaths = (
			);
			runOnlyForDeploymentPostprocessing = 0;
			shellPath = /bin/sh;
			shellScript = "\"${SRCROOT}/Pods/Target Support Files/Pods-eWAYPaymentsSDK_Example/Pods-eWAYPaymentsSDK_Example-resources.sh\"\n";
			showEnvVarsInLog = 0;
		};
		80E2E0B4C22192F63FB029F6 /* Check Pods Manifest.lock */ = {
			isa = PBXShellScriptBuildPhase;
			buildActionMask = 2147483647;
			files = (
			);
			inputPaths = (
			);
			name = "Check Pods Manifest.lock";
			outputPaths = (
			);
			runOnlyForDeploymentPostprocessing = 0;
			shellPath = /bin/sh;
			shellScript = "diff \"${PODS_ROOT}/../Podfile.lock\" \"${PODS_ROOT}/Manifest.lock\" > /dev/null\nif [[ $? != 0 ]] ; then\n    cat << EOM\nerror: The sandbox is not in sync with the Podfile.lock. Run 'pod install' or update your CocoaPods installation.\nEOM\n    exit 1\nfi\n";
			showEnvVarsInLog = 0;
		};
/* End PBXShellScriptBuildPhase section */

/* Begin PBXSourcesBuildPhase section */
		6003F586195388D20070C39A /* Sources */ = {
			isa = PBXSourcesBuildPhase;
			buildActionMask = 2147483647;
			files = (
				E29FC4D51B1D7A99005C37C9 /* InputPaymentViewController.m in Sources */,
				E29FC4DA1B1D7A99005C37C9 /* TPKeyboardAvoidingCollectionView.m in Sources */,
				E29FC4D91B1D7A99005C37C9 /* TransactionTypeViewController.m in Sources */,
				E29FC4CE1B1D7A99005C37C9 /* InputNVpairViewController.m in Sources */,
				E29FC4D31B1D7A99005C37C9 /* InputLineViewController.m in Sources */,
				E29FC4E11B1D7B04005C37C9 /* DashboardViewController.m in Sources */,
				E29FC4D81B1D7A99005C37C9 /* PaymentViewController.m in Sources */,
				E29FC4D61B1D7A99005C37C9 /* InputShippingDetailViewController.m in Sources */,
				E29FC4CF1B1D7A99005C37C9 /* MBProgressHUD.m in Sources */,
				E29FC4D21B1D7A99005C37C9 /* InputCustomerViewController.m in Sources */,
				E29FC4DD1B1D7A99005C37C9 /* UIScrollView+TPKeyboardAvoidingAdditions.m in Sources */,
				E29FC4D41B1D7A99005C37C9 /* InputMethodTableViewController.m in Sources */,
				E29FC4D71B1D7A99005C37C9 /* LinesTableViewController.m in Sources */,
				6003F59E195388D20070C39A /* eWAYPaymentsSDKAppDelegate.m in Sources */,
				E29FC4DC1B1D7A99005C37C9 /* TPKeyboardAvoidingTableView.m in Sources */,
				E29FC4CD1B1D7A99005C37C9 /* EncryptViewController.m in Sources */,
				E29FC4D01B1D7A99005C37C9 /* InputAddressViewController.m in Sources */,
				E29FC4DB1B1D7A99005C37C9 /* TPKeyboardAvoidingScrollView.m in Sources */,
				E29FC4DE1B1D7A99005C37C9 /* UserMessageViewController.m in Sources */,
				E29FC4D11B1D7A99005C37C9 /* InputCardDetailViewController.m in Sources */,
				6003F59A195388D20070C39A /* main.m in Sources */,
			);
			runOnlyForDeploymentPostprocessing = 0;
		};
		6003F5AA195388D20070C39A /* Sources */ = {
			isa = PBXSourcesBuildPhase;
			buildActionMask = 2147483647;
			files = (
				6003F5BC195388D20070C39A /* Tests.m in Sources */,
			);
			runOnlyForDeploymentPostprocessing = 0;
		};
/* End PBXSourcesBuildPhase section */

/* Begin PBXTargetDependency section */
		6003F5B4195388D20070C39A /* PBXTargetDependency */ = {
			isa = PBXTargetDependency;
			target = 6003F589195388D20070C39A /* eWAYPaymentsSDK_Example */;
			targetProxy = 6003F5B3195388D20070C39A /* PBXContainerItemProxy */;
		};
/* End PBXTargetDependency section */

/* Begin PBXVariantGroup section */
		6003F596195388D20070C39A /* InfoPlist.strings */ = {
			isa = PBXVariantGroup;
			children = (
				6003F597195388D20070C39A /* en */,
			);
			name = InfoPlist.strings;
			sourceTree = "<group>";
		};
		6003F5B8195388D20070C39A /* InfoPlist.strings */ = {
			isa = PBXVariantGroup;
			children = (
				6003F5B9195388D20070C39A /* en */,
			);
			name = InfoPlist.strings;
			sourceTree = "<group>";
		};
		E29FC4A01B1D79CF005C37C9 /* Main.storyboard */ = {
			isa = PBXVariantGroup;
			children = (
				E29FC4A11B1D79CF005C37C9 /* Base */,
			);
			name = Main.storyboard;
			sourceTree = "<group>";
		};
/* End PBXVariantGroup section */

/* Begin XCBuildConfiguration section */
		6003F5BD195388D20070C39A /* Debug */ = {
			isa = XCBuildConfiguration;
			buildSettings = {
				ALWAYS_SEARCH_USER_PATHS = NO;
				CLANG_CXX_LANGUAGE_STANDARD = "gnu++0x";
				CLANG_CXX_LIBRARY = "libc++";
				CLANG_ENABLE_MODULES = YES;
				CLANG_ENABLE_OBJC_ARC = YES;
				CLANG_WARN_BOOL_CONVERSION = YES;
				CLANG_WARN_CONSTANT_CONVERSION = YES;
				CLANG_WARN_DIRECT_OBJC_ISA_USAGE = YES_ERROR;
				CLANG_WARN_EMPTY_BODY = YES;
				CLANG_WARN_ENUM_CONVERSION = YES;
				CLANG_WARN_INT_CONVERSION = YES;
				CLANG_WARN_OBJC_ROOT_CLASS = YES_ERROR;
				CLANG_WARN__DUPLICATE_METHOD_MATCH = YES;
				"CODE_SIGN_IDENTITY[sdk=iphoneos*]" = "iPhone Developer";
				COPY_PHASE_STRIP = NO;
				GCC_C_LANGUAGE_STANDARD = gnu99;
				GCC_DYNAMIC_NO_PIC = NO;
				GCC_OPTIMIZATION_LEVEL = 0;
				GCC_PREPROCESSOR_DEFINITIONS = (
					"DEBUG=1",
					"$(inherited)",
				);
				GCC_SYMBOLS_PRIVATE_EXTERN = NO;
				GCC_WARN_64_TO_32_BIT_CONVERSION = YES;
				GCC_WARN_ABOUT_RETURN_TYPE = YES_ERROR;
				GCC_WARN_UNDECLARED_SELECTOR = YES;
				GCC_WARN_UNINITIALIZED_AUTOS = YES_AGGRESSIVE;
				GCC_WARN_UNUSED_FUNCTION = YES;
				GCC_WARN_UNUSED_VARIABLE = YES;
				IPHONEOS_DEPLOYMENT_TARGET = 7.1;
				ONLY_ACTIVE_ARCH = YES;
				SDKROOT = iphoneos;
				TARGETED_DEVICE_FAMILY = "1,2";
			};
			name = Debug;
		};
		6003F5BE195388D20070C39A /* Release */ = {
			isa = XCBuildConfiguration;
			buildSettings = {
				ALWAYS_SEARCH_USER_PATHS = NO;
				CLANG_CXX_LANGUAGE_STANDARD = "gnu++0x";
				CLANG_CXX_LIBRARY = "libc++";
				CLANG_ENABLE_MODULES = YES;
				CLANG_ENABLE_OBJC_ARC = YES;
				CLANG_WARN_BOOL_CONVERSION = YES;
				CLANG_WARN_CONSTANT_CONVERSION = YES;
				CLANG_WARN_DIRECT_OBJC_ISA_USAGE = YES_ERROR;
				CLANG_WARN_EMPTY_BODY = YES;
				CLANG_WARN_ENUM_CONVERSION = YES;
				CLANG_WARN_INT_CONVERSION = YES;
				CLANG_WARN_OBJC_ROOT_CLASS = YES_ERROR;
				CLANG_WARN__DUPLICATE_METHOD_MATCH = YES;
				"CODE_SIGN_IDENTITY[sdk=iphoneos*]" = "iPhone Developer";
				COPY_PHASE_STRIP = YES;
				ENABLE_NS_ASSERTIONS = NO;
				GCC_C_LANGUAGE_STANDARD = gnu99;
				GCC_WARN_64_TO_32_BIT_CONVERSION = YES;
				GCC_WARN_ABOUT_RETURN_TYPE = YES_ERROR;
				GCC_WARN_UNDECLARED_SELECTOR = YES;
				GCC_WARN_UNINITIALIZED_AUTOS = YES_AGGRESSIVE;
				GCC_WARN_UNUSED_FUNCTION = YES;
				GCC_WARN_UNUSED_VARIABLE = YES;
				IPHONEOS_DEPLOYMENT_TARGET = 7.1;
				SDKROOT = iphoneos;
				TARGETED_DEVICE_FAMILY = "1,2";
				VALIDATE_PRODUCT = YES;
			};
			name = Release;
		};
		6003F5C0195388D20070C39A /* Debug */ = {
			isa = XCBuildConfiguration;
			baseConfigurationReference = D3A283F05955E11E2B3EBC5E /* Pods-eWAYPaymentsSDK_Example.debug.xcconfig */;
			buildSettings = {
				ASSETCATALOG_COMPILER_APPICON_NAME = AppIcon;
				ASSETCATALOG_COMPILER_LAUNCHIMAGE_NAME = LaunchImage;
				GCC_PRECOMPILE_PREFIX_HEADER = YES;
				GCC_PREFIX_HEADER = "eWAYPaymentsSDK/eWAYPaymentsSDK-Prefix.pch";
				INFOPLIST_FILE = "eWAYPaymentsSDK/eWAYPaymentsSDK-Info.plist";
				MODULE_NAME = ExampleApp;
				PRODUCT_NAME = "$(TARGET_NAME)";
				WRAPPER_EXTENSION = app;
			};
			name = Debug;
		};
		6003F5C1195388D20070C39A /* Release */ = {
			isa = XCBuildConfiguration;
			baseConfigurationReference = 91A8EEF36D393C6DB3656BC3 /* Pods-eWAYPaymentsSDK_Example.release.xcconfig */;
			buildSettings = {
				ASSETCATALOG_COMPILER_APPICON_NAME = AppIcon;
				ASSETCATALOG_COMPILER_LAUNCHIMAGE_NAME = LaunchImage;
				GCC_PRECOMPILE_PREFIX_HEADER = YES;
				GCC_PREFIX_HEADER = "eWAYPaymentsSDK/eWAYPaymentsSDK-Prefix.pch";
				INFOPLIST_FILE = "eWAYPaymentsSDK/eWAYPaymentsSDK-Info.plist";
				MODULE_NAME = ExampleApp;
				PRODUCT_NAME = "$(TARGET_NAME)";
				WRAPPER_EXTENSION = app;
			};
			name = Release;
		};
		6003F5C3195388D20070C39A /* Debug */ = {
			isa = XCBuildConfiguration;
			baseConfigurationReference = 7ED476A48CB9FDDC130B28D0 /* Pods-eWAYPaymentsSDK_Tests.debug.xcconfig */;
			buildSettings = {
				BUNDLE_LOADER = "$(TEST_HOST)";
				FRAMEWORK_SEARCH_PATHS = (
					"$(SDKROOT)/Developer/Library/Frameworks",
					"$(inherited)",
					"$(DEVELOPER_FRAMEWORKS_DIR)",
				);
				GCC_PRECOMPILE_PREFIX_HEADER = YES;
				GCC_PREFIX_HEADER = "Tests/Tests-Prefix.pch";
				GCC_PREPROCESSOR_DEFINITIONS = (
					"DEBUG=1",
					"$(inherited)",
				);
				INFOPLIST_FILE = "Tests/Tests-Info.plist";
				PRODUCT_NAME = "$(TARGET_NAME)";
				TEST_HOST = "$(BUILT_PRODUCTS_DIR)/eWAYPaymentsSDK_Example.app/eWAYPaymentsSDK_Example";
				WRAPPER_EXTENSION = xctest;
			};
			name = Debug;
		};
		6003F5C4195388D20070C39A /* Release */ = {
			isa = XCBuildConfiguration;
			baseConfigurationReference = B7A605D015405207B36B15F1 /* Pods-eWAYPaymentsSDK_Tests.release.xcconfig */;
			buildSettings = {
				BUNDLE_LOADER = "$(TEST_HOST)";
				FRAMEWORK_SEARCH_PATHS = (
					"$(SDKROOT)/Developer/Library/Frameworks",
					"$(inherited)",
					"$(DEVELOPER_FRAMEWORKS_DIR)",
				);
				GCC_PRECOMPILE_PREFIX_HEADER = YES;
				GCC_PREFIX_HEADER = "Tests/Tests-Prefix.pch";
				INFOPLIST_FILE = "Tests/Tests-Info.plist";
				PRODUCT_NAME = "$(TARGET_NAME)";
				TEST_HOST = "$(BUILT_PRODUCTS_DIR)/eWAYPaymentsSDK_Example.app/eWAYPaymentsSDK_Example";
				WRAPPER_EXTENSION = xctest;
			};
			name = Release;
		};
/* End XCBuildConfiguration section */

/* Begin XCConfigurationList section */
		6003F585195388D10070C39A /* Build configuration list for PBXProject "eWAYPaymentsSDK" */ = {
			isa = XCConfigurationList;
			buildConfigurations = (
				6003F5BD195388D20070C39A /* Debug */,
				6003F5BE195388D20070C39A /* Release */,
			);
			defaultConfigurationIsVisible = 0;
			defaultConfigurationName = Release;
		};
		6003F5BF195388D20070C39A /* Build configuration list for PBXNativeTarget "eWAYPaymentsSDK_Example" */ = {
			isa = XCConfigurationList;
			buildConfigurations = (
				6003F5C0195388D20070C39A /* Debug */,
				6003F5C1195388D20070C39A /* Release */,
			);
			defaultConfigurationIsVisible = 0;
			defaultConfigurationName = Release;
		};
		6003F5C2195388D20070C39A /* Build configuration list for PBXNativeTarget "eWAYPaymentsSDK_Tests" */ = {
			isa = XCConfigurationList;
			buildConfigurations = (
				6003F5C3195388D20070C39A /* Debug */,
				6003F5C4195388D20070C39A /* Release */,
			);
			defaultConfigurationIsVisible = 0;
			defaultConfigurationName = Release;
		};
/* End XCConfigurationList section */
	};
	rootObject = 6003F582195388D10070C39A /* Project object */;
}
